
Microsoft Visual Studio Solution File, Format Version 12.00
# Visual Studio Version 17
VisualStudioVersion = 17.8.34525.116
MinimumVisualStudioVersion = 10.0.40219.1
Project("{FAE04EC0-301F-11D3-BF4B-00C04F79EFBC}") = "NonGenericCollections", "NonGenericCollections.csproj", "{674CC2BF-A13E-4737-8978-89D6420E4621}"
EndProject
Global
	GlobalSection(SolutionConfigurationPlatforms) = preSolution
		Debug|Any CPU = Debug|Any CPU
		Release|Any CPU = Release|Any CPU
	EndGlobalSection
	GlobalSection(ProjectConfigurationPlatforms) = postSolution
		{674CC2BF-A13E-4737-8978-89D6420E4621}.Debug|Any CPU.ActiveCfg = Debug|Any CPU
		{674CC2BF-A13E-4737-8978-89D6420E4621}.Debug|Any CPU.Build.0 = Debug|Any CPU
		{674CC2BF-A13E-4737-8978-89D6420E4621}.Release|Any CPU.ActiveCfg = Release|Any CPU
		{674CC2BF-A13E-4737-8978-89D6420E4621}.Release|Any CPU.Build.0 = Release|Any CPU
	EndGlobalSection
	GlobalSection(SolutionProperties) = preSolution
		HideSolutionNode = FALSE
	EndGlobalSection
	GlobalSection(ExtensibilityGlobals) = postSolution
		SolutionGuid = {62103BDE-E999-4BA9-8B21-3721A1B1C23F}
	EndGlobalSection
EndGlobal
